
Microsoft Visual Studio Solution File, Format Version 12.00
# Visual Studio Version 17
VisualStudioVersion = 17.11.35222.181
MinimumVisualStudioVersion = 10.0.40219.1
Project("{FAE04EC0-301F-11D3-BF4B-00C04F79EFBC}") = "124LTWNC02_QUANLYBANHANGONLINE", "124LTWNC02_QUANLYBANHANGONLINE\124LTWNC02_QUANLYBANHANGONLINE.csproj", "{B0A15B1D-EE2F-493A-A9D8-743A5F8B23D3}"
EndProject
Project("{FAE04EC0-301F-11D3-BF4B-00C04F79EFBC}") = "MVC_QUANLYBANHANG", "..\MVC_QUANLYBANHANG\MVC_QUANLYBANHANG\MVC_QUANLYBANHANG.csproj", "{A5AB2614-59B5-42A9-9552-1EB62885DA77}"
EndProject
Global
	GlobalSection(SolutionConfigurationPlatforms) = preSolution
		Debug|Any CPU = Debug|Any CPU
		Release|Any CPU = Release|Any CPU
	EndGlobalSection
	GlobalSection(ProjectConfigurationPlatforms) = postSolution
		{B0A15B1D-EE2F-493A-A9D8-743A5F8B23D3}.Debug|Any CPU.ActiveCfg = Debug|Any CPU
		{B0A15B1D-EE2F-493A-A9D8-743A5F8B23D3}.Debug|Any CPU.Build.0 = Debug|Any CPU
		{B0A15B1D-EE2F-493A-A9D8-743A5F8B23D3}.Release|Any CPU.ActiveCfg = Release|Any CPU
		{B0A15B1D-EE2F-493A-A9D8-743A5F8B23D3}.Release|Any CPU.Build.0 = Release|Any CPU
		{A5AB2614-59B5-42A9-9552-1EB62885DA77}.Debug|Any CPU.ActiveCfg = Debug|Any CPU
		{A5AB2614-59B5-42A9-9552-1EB62885DA77}.Debug|Any CPU.Build.0 = Debug|Any CPU
		{A5AB2614-59B5-42A9-9552-1EB62885DA77}.Release|Any CPU.ActiveCfg = Release|Any CPU
		{A5AB2614-59B5-42A9-9552-1EB62885DA77}.Release|Any CPU.Build.0 = Release|Any CPU
	EndGlobalSection
	GlobalSection(SolutionProperties) = preSolution
		HideSolutionNode = FALSE
	EndGlobalSection
	GlobalSection(ExtensibilityGlobals) = postSolution
		SolutionGuid = {7259567A-CBE2-4F20-8E14-D488A600AE45}
	EndGlobalSection
EndGlobal
